// !$*UTF8*$!
{
	archiveVersion = 1;
	classes = {
	};
	objectVersion = 56;
	objects = {

/* Begin PBXBuildFile section */
		195285E02C4C0639003345F0 /* AppDelegate.swift in Sources */ = {isa = PBXBuildFile; fileRef = 195285DF2C4C0639003345F0 /* AppDelegate.swift */; };
		195285EA2C4C0639003345F0 /* AirlinesApplication.xcdatamodeld in Sources */ = {isa = PBXBuildFile; fileRef = 195285E82C4C0639003345F0 /* AirlinesApplication.xcdatamodeld */; };
		195285EC2C4C063C003345F0 /* Assets.xcassets in Resources */ = {isa = PBXBuildFile; fileRef = 195285EB2C4C063C003345F0 /* Assets.xcassets */; };
		195285EF2C4C063C003345F0 /* LaunchScreen.storyboard in Resources */ = {isa = PBXBuildFile; fileRef = 195285ED2C4C063C003345F0 /* LaunchScreen.storyboard */; };
		195285FD2C4C0844003345F0 /* APICaller.swift in Sources */ = {isa = PBXBuildFile; fileRef = 195285FC2C4C0844003345F0 /* APICaller.swift */; };
		195285FF2C4C084E003345F0 /* AppError.swift in Sources */ = {isa = PBXBuildFile; fileRef = 195285FE2C4C084E003345F0 /* AppError.swift */; };
		195286012C4C088D003345F0 /* AirlinesViewModel.swift in Sources */ = {isa = PBXBuildFile; fileRef = 195286002C4C088D003345F0 /* AirlinesViewModel.swift */; };
		195286032C4C0897003345F0 /* AirlineCellViewModel.swift in Sources */ = {isa = PBXBuildFile; fileRef = 195286022C4C0897003345F0 /* AirlineCellViewModel.swift */; };
		195286052C4C08A4003345F0 /* DetailsViewModel.swift in Sources */ = {isa = PBXBuildFile; fileRef = 195286042C4C08A4003345F0 /* DetailsViewModel.swift */; };
		195286072C4C08B0003345F0 /* AddAirlinesViewModel.swift in Sources */ = {isa = PBXBuildFile; fileRef = 195286062C4C08B0003345F0 /* AddAirlinesViewModel.swift */; };
		1952860D2C4C094B003345F0 /* AirlinesViewController.swift in Sources */ = {isa = PBXBuildFile; fileRef = 1952860C2C4C094B003345F0 /* AirlinesViewController.swift */; };
		1952860F2C4C095F003345F0 /* AirlinesViewController+TableView.swift in Sources */ = {isa = PBXBuildFile; fileRef = 1952860E2C4C095F003345F0 /* AirlinesViewController+TableView.swift */; };
		195286112C4C0967003345F0 /* AirlinesViewController.xib in Resources */ = {isa = PBXBuildFile; fileRef = 195286102C4C0967003345F0 /* AirlinesViewController.xib */; };
		195286172C4C0A64003345F0 /* AirlineCellViewController.swift in Sources */ = {isa = PBXBuildFile; fileRef = 195286162C4C0A64003345F0 /* AirlineCellViewController.swift */; };
		1952861B2C4C0AC3003345F0 /* AirlineCellViewController.xib in Resources */ = {isa = PBXBuildFile; fileRef = 1952861A2C4C0AC3003345F0 /* AirlineCellViewController.xib */; };
		1952861D2C4C0AE2003345F0 /* DetailsViewController.swift in Sources */ = {isa = PBXBuildFile; fileRef = 1952861C2C4C0AE2003345F0 /* DetailsViewController.swift */; };
		1952861F2C4C0AE9003345F0 /* DetailsViewController.xib in Resources */ = {isa = PBXBuildFile; fileRef = 1952861E2C4C0AE9003345F0 /* DetailsViewController.xib */; };
		195286252C4C0B09003345F0 /* InputData.swift in Sources */ = {isa = PBXBuildFile; fileRef = 195286242C4C0B09003345F0 /* InputData.swift */; };
		195286272C4C0B10003345F0 /* Observable.swift in Sources */ = {isa = PBXBuildFile; fileRef = 195286262C4C0B10003345F0 /* Observable.swift */; };
		195286292C4C0B3F003345F0 /* UIViewExtensions.swift in Sources */ = {isa = PBXBuildFile; fileRef = 195286282C4C0B3F003345F0 /* UIViewExtensions.swift */; };
		196B6AD92C528BCA00A66342 /* UIButtonExtensions.swift in Sources */ = {isa = PBXBuildFile; fileRef = 196B6AD82C528BCA00A66342 /* UIButtonExtensions.swift */; };
		196B6ADD2C52DF6000A66342 /* Constants.swift in Sources */ = {isa = PBXBuildFile; fileRef = 196B6ADC2C52DF6000A66342 /* Constants.swift */; };
		19B4B12D2C5037690058791F /* AddAirlinesViewController.swift in Sources */ = {isa = PBXBuildFile; fileRef = 19B4B12B2C5037690058791F /* AddAirlinesViewController.swift */; };
		19B4B12E2C5037690058791F /* AddAirlinesViewController.xib in Resources */ = {isa = PBXBuildFile; fileRef = 19B4B12C2C5037690058791F /* AddAirlinesViewController.xib */; };
		19B4B1322C52441E0058791F /* TextFieldValidation.swift in Sources */ = {isa = PBXBuildFile; fileRef = 19B4B1312C52441E0058791F /* TextFieldValidation.swift */; };
/* End PBXBuildFile section */

/* Begin PBXFileReference section */
		195285DC2C4C0639003345F0 /* AirlinesApplication.app */ = {isa = PBXFileReference; explicitFileType = wrapper.application; includeInIndex = 0; path = AirlinesApplication.app; sourceTree = BUILT_PRODUCTS_DIR; };
		195285DF2C4C0639003345F0 /* AppDelegate.swift */ = {isa = PBXFileReference; lastKnownFileType = sourcecode.swift; path = AppDelegate.swift; sourceTree = "<group>"; };
		195285E92C4C0639003345F0 /* AirlinesApplication.xcdatamodel */ = {isa = PBXFileReference; lastKnownFileType = wrapper.xcdatamodel; path = AirlinesApplication.xcdatamodel; sourceTree = "<group>"; };
		195285EB2C4C063C003345F0 /* Assets.xcassets */ = {isa = PBXFileReference; lastKnownFileType = folder.assetcatalog; path = Assets.xcassets; sourceTree = "<group>"; };
		195285EE2C4C063C003345F0 /* Base */ = {isa = PBXFileReference; lastKnownFileType = file.storyboard; name = Base; path = Base.lproj/LaunchScreen.storyboard; sourceTree = "<group>"; };
		195285F02C4C063C003345F0 /* Info.plist */ = {isa = PBXFileReference; lastKnownFileType = text.plist.xml; path = Info.plist; sourceTree = "<group>"; };
		195285FC2C4C0844003345F0 /* APICaller.swift */ = {isa = PBXFileReference; fileEncoding = 4; lastKnownFileType = sourcecode.swift; path = APICaller.swift; sourceTree = "<group>"; };
		195285FE2C4C084E003345F0 /* AppError.swift */ = {isa = PBXFileReference; fileEncoding = 4; lastKnownFileType = sourcecode.swift; path = AppError.swift; sourceTree = "<group>"; };
		195286002C4C088D003345F0 /* AirlinesViewModel.swift */ = {isa = PBXFileReference; fileEncoding = 4; lastKnownFileType = sourcecode.swift; path = AirlinesViewModel.swift; sourceTree = "<group>"; };
		195286022C4C0897003345F0 /* AirlineCellViewModel.swift */ = {isa = PBXFileReference; fileEncoding = 4; lastKnownFileType = sourcecode.swift; path = AirlineCellViewModel.swift; sourceTree = "<group>"; };
		195286042C4C08A4003345F0 /* DetailsViewModel.swift */ = {isa = PBXFileReference; fileEncoding = 4; lastKnownFileType = sourcecode.swift; path = DetailsViewModel.swift; sourceTree = "<group>"; };
		195286062C4C08B0003345F0 /* AddAirlinesViewModel.swift */ = {isa = PBXFileReference; fileEncoding = 4; lastKnownFileType = sourcecode.swift; path = AddAirlinesViewModel.swift; sourceTree = "<group>"; };
		1952860C2C4C094B003345F0 /* AirlinesViewController.swift */ = {isa = PBXFileReference; fileEncoding = 4; lastKnownFileType = sourcecode.swift; path = AirlinesViewController.swift; sourceTree = "<group>"; };
		1952860E2C4C095F003345F0 /* AirlinesViewController+TableView.swift */ = {isa = PBXFileReference; fileEncoding = 4; lastKnownFileType = sourcecode.swift; path = "AirlinesViewController+TableView.swift"; sourceTree = "<group>"; };
		195286102C4C0967003345F0 /* AirlinesViewController.xib */ = {isa = PBXFileReference; fileEncoding = 4; lastKnownFileType = file.xib; path = AirlinesViewController.xib; sourceTree = "<group>"; };
		195286162C4C0A64003345F0 /* AirlineCellViewController.swift */ = {isa = PBXFileReference; fileEncoding = 4; lastKnownFileType = sourcecode.swift; path = AirlineCellViewController.swift; sourceTree = "<group>"; };
		1952861A2C4C0AC3003345F0 /* AirlineCellViewController.xib */ = {isa = PBXFileReference; fileEncoding = 4; lastKnownFileType = file.xib; path = AirlineCellViewController.xib; sourceTree = "<group>"; };
		1952861C2C4C0AE2003345F0 /* DetailsViewController.swift */ = {isa = PBXFileReference; fileEncoding = 4; lastKnownFileType = sourcecode.swift; path = DetailsViewController.swift; sourceTree = "<group>"; };
		1952861E2C4C0AE9003345F0 /* DetailsViewController.xib */ = {isa = PBXFileReference; fileEncoding = 4; lastKnownFileType = file.xib; path = DetailsViewController.xib; sourceTree = "<group>"; };
		195286242C4C0B09003345F0 /* InputData.swift */ = {isa = PBXFileReference; fileEncoding = 4; lastKnownFileType = sourcecode.swift; path = InputData.swift; sourceTree = "<group>"; };
		195286262C4C0B10003345F0 /* Observable.swift */ = {isa = PBXFileReference; fileEncoding = 4; lastKnownFileType = sourcecode.swift; path = Observable.swift; sourceTree = "<group>"; };
		195286282C4C0B3F003345F0 /* UIViewExtensions.swift */ = {isa = PBXFileReference; fileEncoding = 4; lastKnownFileType = sourcecode.swift; path = UIViewExtensions.swift; sourceTree = "<group>"; };
		196B6AD82C528BCA00A66342 /* UIButtonExtensions.swift */ = {isa = PBXFileReference; lastKnownFileType = sourcecode.swift; path = UIButtonExtensions.swift; sourceTree = "<group>"; };
		196B6ADC2C52DF6000A66342 /* Constants.swift */ = {isa = PBXFileReference; lastKnownFileType = sourcecode.swift; path = Constants.swift; sourceTree = "<group>"; };
		19B4B12B2C5037690058791F /* AddAirlinesViewController.swift */ = {isa = PBXFileReference; lastKnownFileType = sourcecode.swift; path = AddAirlinesViewController.swift; sourceTree = "<group>"; };
		19B4B12C2C5037690058791F /* AddAirlinesViewController.xib */ = {isa = PBXFileReference; lastKnownFileType = file.xib; path = AddAirlinesViewController.xib; sourceTree = "<group>"; };
		19B4B1312C52441E0058791F /* TextFieldValidation.swift */ = {isa = PBXFileReference; lastKnownFileType = sourcecode.swift; path = TextFieldValidation.swift; sourceTree = "<group>"; };
/* End PBXFileReference section */

/* Begin PBXFrameworksBuildPhase section */
		195285D92C4C0639003345F0 /* Frameworks */ = {
			isa = PBXFrameworksBuildPhase;
			buildActionMask = 2147483647;
			files = (
			);
			runOnlyForDeploymentPostprocessing = 0;
		};
/* End PBXFrameworksBuildPhase section */

/* Begin PBXGroup section */
		195285D32C4C0639003345F0 = {
			isa = PBXGroup;
			children = (
				195285F92C4C07E2003345F0 /* Network */,
				195285F62C4C067B003345F0 /* Model */,
				195286082C4C08E9003345F0 /* Airlines */,
				1952860A2C4C0919003345F0 /* AirlineDetails */,
				19B4B12A2C5037070058791F /* AddAirlines */,
				195285FA2C4C080B003345F0 /* Utils */,
				195285FB2C4C0814003345F0 /* Extensions */,
				195285DE2C4C0639003345F0 /* AirlinesApplication */,
				195285DD2C4C0639003345F0 /* Products */,
			);
			sourceTree = "<group>";
		};
		195285DD2C4C0639003345F0 /* Products */ = {
			isa = PBXGroup;
			children = (
				195285DC2C4C0639003345F0 /* AirlinesApplication.app */,
			);
			name = Products;
			sourceTree = "<group>";
		};
		195285DE2C4C0639003345F0 /* AirlinesApplication */ = {
			isa = PBXGroup;
			children = (
				195285DF2C4C0639003345F0 /* AppDelegate.swift */,
				195285EB2C4C063C003345F0 /* Assets.xcassets */,
				195285ED2C4C063C003345F0 /* LaunchScreen.storyboard */,
				195285F02C4C063C003345F0 /* Info.plist */,
			);
			path = AirlinesApplication;
			sourceTree = "<group>";
		};
		195285F62C4C067B003345F0 /* Model */ = {
			isa = PBXGroup;
			children = (
				195285E82C4C0639003345F0 /* AirlinesApplication.xcdatamodeld */,
				195286242C4C0B09003345F0 /* InputData.swift */,
			);
			path = Model;
			sourceTree = "<group>";
		};
		195285F92C4C07E2003345F0 /* Network */ = {
			isa = PBXGroup;
			children = (
				195285FC2C4C0844003345F0 /* APICaller.swift */,
				195285FE2C4C084E003345F0 /* AppError.swift */,
			);
			path = Network;
			sourceTree = "<group>";
		};
		195285FA2C4C080B003345F0 /* Utils */ = {
			isa = PBXGroup;
			children = (
				195286262C4C0B10003345F0 /* Observable.swift */,
				19B4B1312C52441E0058791F /* TextFieldValidation.swift */,
				196B6ADC2C52DF6000A66342 /* Constants.swift */,
			);
			path = Utils;
			sourceTree = "<group>";
		};
		195285FB2C4C0814003345F0 /* Extensions */ = {
			isa = PBXGroup;
			children = (
				195286282C4C0B3F003345F0 /* UIViewExtensions.swift */,
				196B6AD82C528BCA00A66342 /* UIButtonExtensions.swift */,
			);
			path = Extensions;
			sourceTree = "<group>";
		};
		195286082C4C08E9003345F0 /* Airlines */ = {
			isa = PBXGroup;
			children = (
				195286092C4C0903003345F0 /* AirlinesTableViewCell */,
				195286002C4C088D003345F0 /* AirlinesViewModel.swift */,
				1952860C2C4C094B003345F0 /* AirlinesViewController.swift */,
				1952860E2C4C095F003345F0 /* AirlinesViewController+TableView.swift */,
				195286102C4C0967003345F0 /* AirlinesViewController.xib */,
			);
			path = Airlines;
			sourceTree = "<group>";
		};
		195286092C4C0903003345F0 /* AirlinesTableViewCell */ = {
			isa = PBXGroup;
			children = (
				195286022C4C0897003345F0 /* AirlineCellViewModel.swift */,
				195286162C4C0A64003345F0 /* AirlineCellViewController.swift */,
				1952861A2C4C0AC3003345F0 /* AirlineCellViewController.xib */,
			);
			path = AirlinesTableViewCell;
			sourceTree = "<group>";
		};
		1952860A2C4C0919003345F0 /* AirlineDetails */ = {
			isa = PBXGroup;
			children = (
				195286042C4C08A4003345F0 /* DetailsViewModel.swift */,
				1952861C2C4C0AE2003345F0 /* DetailsViewController.swift */,
				1952861E2C4C0AE9003345F0 /* DetailsViewController.xib */,
			);
			path = AirlineDetails;
			sourceTree = "<group>";
		};
		19B4B12A2C5037070058791F /* AddAirlines */ = {
			isa = PBXGroup;
			children = (
				195286062C4C08B0003345F0 /* AddAirlinesViewModel.swift */,
				19B4B12B2C5037690058791F /* AddAirlinesViewController.swift */,
				19B4B12C2C5037690058791F /* AddAirlinesViewController.xib */,
			);
			path = AddAirlines;
			sourceTree = "<group>";
		};
/* End PBXGroup section */

/* Begin PBXNativeTarget section */
		195285DB2C4C0639003345F0 /* AirlinesApplication */ = {
			isa = PBXNativeTarget;
			buildConfigurationList = 195285F32C4C063C003345F0 /* Build configuration list for PBXNativeTarget "AirlinesApplication" */;
			buildPhases = (
				195285D82C4C0639003345F0 /* Sources */,
				195285D92C4C0639003345F0 /* Frameworks */,
				195285DA2C4C0639003345F0 /* Resources */,
			);
			buildRules = (
			);
			dependencies = (
			);
			name = AirlinesApplication;
			packageProductDependencies = (
			);
			productName = AirlinesApplication;
			productReference = 195285DC2C4C0639003345F0 /* AirlinesApplication.app */;
			productType = "com.apple.product-type.application";
		};
/* End PBXNativeTarget section */

/* Begin PBXProject section */
		195285D42C4C0639003345F0 /* Project object */ = {
			isa = PBXProject;
			attributes = {
				BuildIndependentTargetsInParallel = 1;
				LastSwiftUpdateCheck = 1520;
				LastUpgradeCheck = 1520;
				TargetAttributes = {
					195285DB2C4C0639003345F0 = {
						CreatedOnToolsVersion = 15.2;
					};
				};
			};
			buildConfigurationList = 195285D72C4C0639003345F0 /* Build configuration list for PBXProject "AirlinesApplication" */;
			compatibilityVersion = "Xcode 14.0";
			developmentRegion = en;
			hasScannedForEncodings = 0;
			knownRegions = (
				en,
				Base,
			);
			mainGroup = 195285D32C4C0639003345F0;
			packageReferences = (
			);
			productRefGroup = 195285DD2C4C0639003345F0 /* Products */;
			projectDirPath = "";
			projectRoot = "";
			targets = (
				195285DB2C4C0639003345F0 /* AirlinesApplication */,
			);
		};
/* End PBXProject section */

/* Begin PBXResourcesBuildPhase section */
		195285DA2C4C0639003345F0 /* Resources */ = {
			isa = PBXResourcesBuildPhase;
			buildActionMask = 2147483647;
			files = (
				195285EF2C4C063C003345F0 /* LaunchScreen.storyboard in Resources */,
				19B4B12E2C5037690058791F /* AddAirlinesViewController.xib in Resources */,
				1952861B2C4C0AC3003345F0 /* AirlineCellViewController.xib in Resources */,
				1952861F2C4C0AE9003345F0 /* DetailsViewController.xib in Resources */,
				195285EC2C4C063C003345F0 /* Assets.xcassets in Resources */,
				195286112C4C0967003345F0 /* AirlinesViewController.xib in Resources */,
			);
			runOnlyForDeploymentPostprocessing = 0;
		};
/* End PBXResourcesBuildPhase section */

/* Begin PBXSourcesBuildPhase section */
		195285D82C4C0639003345F0 /* Sources */ = {
			isa = PBXSourcesBuildPhase;
			buildActionMask = 2147483647;
			files = (
				195286252C4C0B09003345F0 /* InputData.swift in Sources */,
				196B6ADD2C52DF6000A66342 /* Constants.swift in Sources */,
				195286272C4C0B10003345F0 /* Observable.swift in Sources */,
				19B4B1322C52441E0058791F /* TextFieldValidation.swift in Sources */,
				195285FF2C4C084E003345F0 /* AppError.swift in Sources */,
				195286072C4C08B0003345F0 /* AddAirlinesViewModel.swift in Sources */,
				19B4B12D2C5037690058791F /* AddAirlinesViewController.swift in Sources */,
				195286032C4C0897003345F0 /* AirlineCellViewModel.swift in Sources */,
				1952860F2C4C095F003345F0 /* AirlinesViewController+TableView.swift in Sources */,
				1952860D2C4C094B003345F0 /* AirlinesViewController.swift in Sources */,
				195285E02C4C0639003345F0 /* AppDelegate.swift in Sources */,
				195285FD2C4C0844003345F0 /* APICaller.swift in Sources */,
				195286292C4C0B3F003345F0 /* UIViewExtensions.swift in Sources */,
				195286172C4C0A64003345F0 /* AirlineCellViewController.swift in Sources */,
				195286052C4C08A4003345F0 /* DetailsViewModel.swift in Sources */,
				196B6AD92C528BCA00A66342 /* UIButtonExtensions.swift in Sources */,
				195285EA2C4C0639003345F0 /* AirlinesApplication.xcdatamodeld in Sources */,
				195286012C4C088D003345F0 /* AirlinesViewModel.swift in Sources */,
				1952861D2C4C0AE2003345F0 /* DetailsViewController.swift in Sources */,
			);
			runOnlyForDeploymentPostprocessing = 0;
		};
/* End PBXSourcesBuildPhase section */

/* Begin PBXVariantGroup section */
		195285ED2C4C063C003345F0 /* LaunchScreen.storyboard */ = {
			isa = PBXVariantGroup;
			children = (
				195285EE2C4C063C003345F0 /* Base */,
			);
			name = LaunchScreen.storyboard;
			sourceTree = "<group>";
		};
/* End PBXVariantGroup section */

/* Begin XCBuildConfiguration section */
		195285F12C4C063C003345F0 /* Debug */ = {
			isa = XCBuildConfiguration;
			buildSettings = {
				ALWAYS_SEARCH_USER_PATHS = NO;
				ASSETCATALOG_COMPILER_GENERATE_SWIFT_ASSET_SYMBOL_EXTENSIONS = YES;
				CLANG_ANALYZER_NONNULL = YES;
				CLANG_ANALYZER_NUMBER_OBJECT_CONVERSION = YES_AGGRESSIVE;
				CLANG_CXX_LANGUAGE_STANDARD = "gnu++20";
				CLANG_ENABLE_MODULES = YES;
				CLANG_ENABLE_OBJC_ARC = YES;
				CLANG_ENABLE_OBJC_WEAK = YES;
				CLANG_WARN_BLOCK_CAPTURE_AUTORELEASING = YES;
				CLANG_WARN_BOOL_CONVERSION = YES;
				CLANG_WARN_COMMA = YES;
				CLANG_WARN_CONSTANT_CONVERSION = YES;
				CLANG_WARN_DEPRECATED_OBJC_IMPLEMENTATIONS = YES;
				CLANG_WARN_DIRECT_OBJC_ISA_USAGE = YES_ERROR;
				CLANG_WARN_DOCUMENTATION_COMMENTS = YES;
				CLANG_WARN_EMPTY_BODY = YES;
				CLANG_WARN_ENUM_CONVERSION = YES;
				CLANG_WARN_INFINITE_RECURSION = YES;
				CLANG_WARN_INT_CONVERSION = YES;
				CLANG_WARN_NON_LITERAL_NULL_CONVERSION = YES;
				CLANG_WARN_OBJC_IMPLICIT_RETAIN_SELF = YES;
				CLANG_WARN_OBJC_LITERAL_CONVERSION = YES;
				CLANG_WARN_OBJC_ROOT_CLASS = YES_ERROR;
				CLANG_WARN_QUOTED_INCLUDE_IN_FRAMEWORK_HEADER = YES;
				CLANG_WARN_RANGE_LOOP_ANALYSIS = YES;
				CLANG_WARN_STRICT_PROTOTYPES = YES;
				CLANG_WARN_SUSPICIOUS_MOVE = YES;
				CLANG_WARN_UNGUARDED_AVAILABILITY = YES_AGGRESSIVE;
				CLANG_WARN_UNREACHABLE_CODE = YES;
				CLANG_WARN__DUPLICATE_METHOD_MATCH = YES;
				COPY_PHASE_STRIP = NO;
				DEBUG_INFORMATION_FORMAT = dwarf;
				ENABLE_STRICT_OBJC_MSGSEND = YES;
				ENABLE_TESTABILITY = YES;
				ENABLE_USER_SCRIPT_SANDBOXING = YES;
				GCC_C_LANGUAGE_STANDARD = gnu17;
				GCC_DYNAMIC_NO_PIC = NO;
				GCC_NO_COMMON_BLOCKS = YES;
				GCC_OPTIMIZATION_LEVEL = 0;
				GCC_PREPROCESSOR_DEFINITIONS = (
					"DEBUG=1",
					"$(inherited)",
				);
				GCC_WARN_64_TO_32_BIT_CONVERSION = YES;
				GCC_WARN_ABOUT_RETURN_TYPE = YES_ERROR;
				GCC_WARN_UNDECLARED_SELECTOR = YES;
				GCC_WARN_UNINITIALIZED_AUTOS = YES_AGGRESSIVE;
				GCC_WARN_UNUSED_FUNCTION = YES;
				GCC_WARN_UNUSED_VARIABLE = YES;
				IPHONEOS_DEPLOYMENT_TARGET = 17.2;
				LOCALIZATION_PREFERS_STRING_CATALOGS = YES;
				MTL_ENABLE_DEBUG_INFO = INCLUDE_SOURCE;
				MTL_FAST_MATH = YES;
				ONLY_ACTIVE_ARCH = YES;
				SDKROOT = iphoneos;
				SWIFT_ACTIVE_COMPILATION_CONDITIONS = "DEBUG $(inherited)";
				SWIFT_OPTIMIZATION_LEVEL = "-Onone";
			};
			name = Debug;
		};
		195285F22C4C063C003345F0 /* Release */ = {
			isa = XCBuildConfiguration;
			buildSettings = {
				ALWAYS_SEARCH_USER_PATHS = NO;
				ASSETCATALOG_COMPILER_GENERATE_SWIFT_ASSET_SYMBOL_EXTENSIONS = YES;
				CLANG_ANALYZER_NONNULL = YES;
				CLANG_ANALYZER_NUMBER_OBJECT_CONVERSION = YES_AGGRESSIVE;
				CLANG_CXX_LANGUAGE_STANDARD = "gnu++20";
				CLANG_ENABLE_MODULES = YES;
				CLANG_ENABLE_OBJC_ARC = YES;
				CLANG_ENABLE_OBJC_WEAK = YES;
				CLANG_WARN_BLOCK_CAPTURE_AUTORELEASING = YES;
				CLANG_WARN_BOOL_CONVERSION = YES;
				CLANG_WARN_COMMA = YES;
				CLANG_WARN_CONSTANT_CONVERSION = YES;
				CLANG_WARN_DEPRECATED_OBJC_IMPLEMENTATIONS = YES;
				CLANG_WARN_DIRECT_OBJC_ISA_USAGE = YES_ERROR;
				CLANG_WARN_DOCUMENTATION_COMMENTS = YES;
				CLANG_WARN_EMPTY_BODY = YES;
				CLANG_WARN_ENUM_CONVERSION = YES;
				CLANG_WARN_INFINITE_RECURSION = YES;
				CLANG_WARN_INT_CONVERSION = YES;
				CLANG_WARN_NON_LITERAL_NULL_CONVERSION = YES;
				CLANG_WARN_OBJC_IMPLICIT_RETAIN_SELF = YES;
				CLANG_WARN_OBJC_LITERAL_CONVERSION = YES;
				CLANG_WARN_OBJC_ROOT_CLASS = YES_ERROR;
				CLANG_WARN_QUOTED_INCLUDE_IN_FRAMEWORK_HEADER = YES;
				CLANG_WARN_RANGE_LOOP_ANALYSIS = YES;
				CLANG_WARN_STRICT_PROTOTYPES = YES;
				CLANG_WARN_SUSPICIOUS_MOVE = YES;
				CLANG_WARN_UNGUARDED_AVAILABILITY = YES_AGGRESSIVE;
				CLANG_WARN_UNREACHABLE_CODE = YES;
				CLANG_WARN__DUPLICATE_METHOD_MATCH = YES;
				COPY_PHASE_STRIP = NO;
				DEBUG_INFORMATION_FORMAT = "dwarf-with-dsym";
				ENABLE_NS_ASSERTIONS = NO;
				ENABLE_STRICT_OBJC_MSGSEND = YES;
				ENABLE_USER_SCRIPT_SANDBOXING = YES;
				GCC_C_LANGUAGE_STANDARD = gnu17;
				GCC_NO_COMMON_BLOCKS = YES;
				GCC_WARN_64_TO_32_BIT_CONVERSION = YES;
				GCC_WARN_ABOUT_RETURN_TYPE = YES_ERROR;
				GCC_WARN_UNDECLARED_SELECTOR = YES;
				GCC_WARN_UNINITIALIZED_AUTOS = YES_AGGRESSIVE;
				GCC_WARN_UNUSED_FUNCTION = YES;
				GCC_WARN_UNUSED_VARIABLE = YES;
				IPHONEOS_DEPLOYMENT_TARGET = 17.2;
				LOCALIZATION_PREFERS_STRING_CATALOGS = YES;
				MTL_ENABLE_DEBUG_INFO = NO;
				MTL_FAST_MATH = YES;
				SDKROOT = iphoneos;
				SWIFT_COMPILATION_MODE = wholemodule;
				VALIDATE_PRODUCT = YES;
			};
			name = Release;
		};
		195285F42C4C063C003345F0 /* Debug */ = {
			isa = XCBuildConfiguration;
			buildSettings = {
				ASSETCATALOG_COMPILER_APPICON_NAME = AppIcon;
				ASSETCATALOG_COMPILER_GLOBAL_ACCENT_COLOR_NAME = AccentColor;
				CODE_SIGN_STYLE = Automatic;
				CURRENT_PROJECT_VERSION = 1;
				GENERATE_INFOPLIST_FILE = YES;
				INFOPLIST_FILE = AirlinesApplication/Info.plist;
				INFOPLIST_KEY_UIApplicationSupportsIndirectInputEvents = YES;
				INFOPLIST_KEY_UILaunchStoryboardName = LaunchScreen;
				INFOPLIST_KEY_UISupportedInterfaceOrientations_iPad = "UIInterfaceOrientationPortrait UIInterfaceOrientationPortraitUpsideDown UIInterfaceOrientationLandscapeLeft UIInterfaceOrientationLandscapeRight";
				INFOPLIST_KEY_UISupportedInterfaceOrientations_iPhone = "UIInterfaceOrientationPortrait UIInterfaceOrientationLandscapeLeft UIInterfaceOrientationLandscapeRight";
				LD_RUNPATH_SEARCH_PATHS = (
					"$(inherited)",
					"@executable_path/Frameworks",
				);
				MARKETING_VERSION = 1.0;
				PRODUCT_BUNDLE_IDENTIFIER = "Hend-El-Mahdy.AirlinesApplication";
				PRODUCT_NAME = "$(TARGET_NAME)";
				SWIFT_EMIT_LOC_STRINGS = YES;
				SWIFT_VERSION = 5.0;
				TARGETED_DEVICE_FAMILY = "1,2";
			};
			name = Debug;
		};
		195285F52C4C063C003345F0 /* Release */ = {
			isa = XCBuildConfiguration;
			buildSettings = {
				ASSETCATALOG_COMPILER_APPICON_NAME = AppIcon;
				ASSETCATALOG_COMPILER_GLOBAL_ACCENT_COLOR_NAME = AccentColor;
				CODE_SIGN_STYLE = Automatic;
				CURRENT_PROJECT_VERSION = 1;
				GENERATE_INFOPLIST_FILE = YES;
				INFOPLIST_FILE = AirlinesApplication/Info.plist;
				INFOPLIST_KEY_UIApplicationSupportsIndirectInputEvents = YES;
				INFOPLIST_KEY_UILaunchStoryboardName = LaunchScreen;
				INFOPLIST_KEY_UISupportedInterfaceOrientations_iPad = "UIInterfaceOrientationPortrait UIInterfaceOrientationPortraitUpsideDown UIInterfaceOrientationLandscapeLeft UIInterfaceOrientationLandscapeRight";
				INFOPLIST_KEY_UISupportedInterfaceOrientations_iPhone = "UIInterfaceOrientationPortrait UIInterfaceOrientationLandscapeLeft UIInterfaceOrientationLandscapeRight";
				LD_RUNPATH_SEARCH_PATHS = (
					"$(inherited)",
					"@executable_path/Frameworks",
				);
				MARKETING_VERSION = 1.0;
				PRODUCT_BUNDLE_IDENTIFIER = "Hend-El-Mahdy.AirlinesApplication";
				PRODUCT_NAME = "$(TARGET_NAME)";
				SWIFT_EMIT_LOC_STRINGS = YES;
				SWIFT_VERSION = 5.0;
				TARGETED_DEVICE_FAMILY = "1,2";
			};
			name = Release;
		};
/* End XCBuildConfiguration section */

/* Begin XCConfigurationList section */
		195285D72C4C0639003345F0 /* Build configuration list for PBXProject "AirlinesApplication" */ = {
			isa = XCConfigurationList;
			buildConfigurations = (
				195285F12C4C063C003345F0 /* Debug */,
				195285F22C4C063C003345F0 /* Release */,
			);
			defaultConfigurationIsVisible = 0;
			defaultConfigurationName = Release;
		};
		195285F32C4C063C003345F0 /* Build configuration list for PBXNativeTarget "AirlinesApplication" */ = {
			isa = XCConfigurationList;
			buildConfigurations = (
				195285F42C4C063C003345F0 /* Debug */,
				195285F52C4C063C003345F0 /* Release */,
			);
			defaultConfigurationIsVisible = 0;
			defaultConfigurationName = Release;
		};
/* End XCConfigurationList section */

/* Begin XCVersionGroup section */
		195285E82C4C0639003345F0 /* AirlinesApplication.xcdatamodeld */ = {
			isa = XCVersionGroup;
			children = (
				195285E92C4C0639003345F0 /* AirlinesApplication.xcdatamodel */,
			);
			currentVersion = 195285E92C4C0639003345F0 /* AirlinesApplication.xcdatamodel */;
			path = AirlinesApplication.xcdatamodeld;
			sourceTree = "<group>";
			versionGroupType = wrapper.xcdatamodel;
		};
/* End XCVersionGroup section */
	};
	rootObject = 195285D42C4C0639003345F0 /* Project object */;
}
